// !$*UTF8*$!
{
	archiveVersion = 1;
	classes = {
	};
	objectVersion = 46;
	objects = {

/* Begin PBXBuildFile section */
		2955707D1E189FFC00E1056C /* lesson2.lua in CopyFiles */ = {isa = PBXBuildFile; fileRef = 2955707C1E189F4500E1056C /* lesson2.lua */; };
		295570821E18A46C00E1056C /* liblua.a in Frameworks */ = {isa = PBXBuildFile; fileRef = 29894E061DB266C200131A99 /* liblua.a */; };
		2955708B1E18A4A300E1056C /* Lesson3.cpp in Sources */ = {isa = PBXBuildFile; fileRef = 295570891E18A4A300E1056C /* Lesson3.cpp */; };
		2955708E1E18C98600E1056C /* lesson3.lua in CopyFiles */ = {isa = PBXBuildFile; fileRef = 2955708D1E18A4F800E1056C /* lesson3.lua */; };
		2955709E1E18CB0B00E1056C /* liblua.a in Frameworks */ = {isa = PBXBuildFile; fileRef = 29894E061DB266C200131A99 /* liblua.a */; };
		295570A61E18CB3D00E1056C /* Lesson4.cpp in Sources */ = {isa = PBXBuildFile; fileRef = 295570A51E18CB3D00E1056C /* Lesson4.cpp */; };
		295570A91E18CB9600E1056C /* lesson4.lua in CopyFiles */ = {isa = PBXBuildFile; fileRef = 295570A81E18CB8000E1056C /* lesson4.lua */; };
		29894E071DB266C200131A99 /* liblua.a in Frameworks */ = {isa = PBXBuildFile; fileRef = 29894E061DB266C200131A99 /* liblua.a */; };
		29894E0B1DB267F600131A99 /* lesson1.cpp in Sources */ = {isa = PBXBuildFile; fileRef = 29894E0A1DB267F600131A99 /* lesson1.cpp */; };
		29894E0C1DB2682000131A99 /* hello.lua in CopyFiles */ = {isa = PBXBuildFile; fileRef = 29894E091DB267DE00131A99 /* hello.lua */; };
		29894E101DB26B4A00131A99 /* lesson2.cpp in Sources */ = {isa = PBXBuildFile; fileRef = 29894E0E1DB26B4A00131A99 /* lesson2.cpp */; };
		29E31C5D1DBBAEDF00E6190B /* lesson2.cpp in Sources */ = {isa = PBXBuildFile; fileRef = 29894E0E1DB26B4A00131A99 /* lesson2.cpp */; };
		29E31C601DBBAEDF00E6190B /* liblua.a in Frameworks */ = {isa = PBXBuildFile; fileRef = 29894E061DB266C200131A99 /* liblua.a */; };
/* End PBXBuildFile section */

/* Begin PBXCopyFilesBuildPhase section */
		295570831E18A46C00E1056C /* CopyFiles */ = {
			isa = PBXCopyFilesBuildPhase;
			buildActionMask = 12;
			dstPath = "";
			dstSubfolderSpec = 16;
			files = (
				2955708E1E18C98600E1056C /* lesson3.lua in CopyFiles */,
			);
			runOnlyForDeploymentPostprocessing = 0;
		};
		2955709F1E18CB0B00E1056C /* CopyFiles */ = {
			isa = PBXCopyFilesBuildPhase;
			buildActionMask = 12;
			dstPath = "";
			dstSubfolderSpec = 16;
			files = (
				295570A91E18CB9600E1056C /* lesson4.lua in CopyFiles */,
			);
			runOnlyForDeploymentPostprocessing = 0;
		};
		29894DF91DB261C200131A99 /* CopyFiles */ = {
			isa = PBXCopyFilesBuildPhase;
			buildActionMask = 12;
			dstPath = "";
			dstSubfolderSpec = 16;
			files = (
				29894E0C1DB2682000131A99 /* hello.lua in CopyFiles */,
			);
			runOnlyForDeploymentPostprocessing = 0;
		};
		29E31C611DBBAEDF00E6190B /* CopyFiles */ = {
			isa = PBXCopyFilesBuildPhase;
			buildActionMask = 12;
			dstPath = "";
			dstSubfolderSpec = 16;
			files = (
				2955707D1E189FFC00E1056C /* lesson2.lua in CopyFiles */,
			);
			runOnlyForDeploymentPostprocessing = 0;
		};
/* End PBXCopyFilesBuildPhase section */

/* Begin PBXFileReference section */
		2955707C1E189F4500E1056C /* lesson2.lua */ = {isa = PBXFileReference; fileEncoding = 4; lastKnownFileType = text; name = lesson2.lua; path = lesson2/lesson2.lua; sourceTree = "<group>"; xcLanguageSpecificationIdentifier = xcode.lang.c; };
		295570881E18A46C00E1056C /* Lesson3 */ = {isa = PBXFileReference; explicitFileType = "compiled.mach-o.executable"; includeInIndex = 0; path = Lesson3; sourceTree = BUILT_PRODUCTS_DIR; };
		295570891E18A4A300E1056C /* Lesson3.cpp */ = {isa = PBXFileReference; fileEncoding = 4; lastKnownFileType = sourcecode.cpp.cpp; name = Lesson3.cpp; path = lesson3/Lesson3.cpp; sourceTree = "<group>"; };
		2955708D1E18A4F800E1056C /* lesson3.lua */ = {isa = PBXFileReference; fileEncoding = 4; lastKnownFileType = text; name = lesson3.lua; path = lesson3/lesson3.lua; sourceTree = "<group>"; };
		295570A41E18CB0B00E1056C /* Lesson4 */ = {isa = PBXFileReference; explicitFileType = "compiled.mach-o.executable"; includeInIndex = 0; path = Lesson4; sourceTree = BUILT_PRODUCTS_DIR; };
		295570A51E18CB3D00E1056C /* Lesson4.cpp */ = {isa = PBXFileReference; fileEncoding = 4; lastKnownFileType = sourcecode.cpp.cpp; name = Lesson4.cpp; path = lesson4/Lesson4.cpp; sourceTree = "<group>"; };
		295570A81E18CB8000E1056C /* lesson4.lua */ = {isa = PBXFileReference; fileEncoding = 4; lastKnownFileType = text; name = lesson4.lua; path = lesson4/lesson4.lua; sourceTree = "<group>"; };
		29894DFB1DB261C200131A99 /* Lesson1 */ = {isa = PBXFileReference; explicitFileType = "compiled.mach-o.executable"; includeInIndex = 0; path = Lesson1; sourceTree = BUILT_PRODUCTS_DIR; };
		29894E061DB266C200131A99 /* liblua.a */ = {isa = PBXFileReference; lastKnownFileType = archive.ar; name = liblua.a; path = "../lua-5.3.3/src/liblua.a"; sourceTree = "<group>"; };
		29894E091DB267DE00131A99 /* hello.lua */ = {isa = PBXFileReference; fileEncoding = 4; lastKnownFileType = text; name = hello.lua; path = lesson1/hello.lua; sourceTree = "<group>"; };
		29894E0A1DB267F600131A99 /* lesson1.cpp */ = {isa = PBXFileReference; fileEncoding = 4; lastKnownFileType = sourcecode.cpp.cpp; name = lesson1.cpp; path = lesson1/lesson1.cpp; sourceTree = "<group>"; };
		29894E0E1DB26B4A00131A99 /* lesson2.cpp */ = {isa = PBXFileReference; fileEncoding = 4; lastKnownFileType = sourcecode.cpp.cpp; name = lesson2.cpp; path = lesson2/lesson2.cpp; sourceTree = "<group>"; };
		29E31C661DBBAEDF00E6190B /* Lesson2 */ = {isa = PBXFileReference; explicitFileType = "compiled.mach-o.executable"; includeInIndex = 0; path = Lesson2; sourceTree = BUILT_PRODUCTS_DIR; };
/* End PBXFileReference section */

/* Begin PBXFrameworksBuildPhase section */
		295570811E18A46C00E1056C /* Frameworks */ = {
			isa = PBXFrameworksBuildPhase;
			buildActionMask = 2147483647;
			files = (
				295570821E18A46C00E1056C /* liblua.a in Frameworks */,
			);
			runOnlyForDeploymentPostprocessing = 0;
		};
		2955709D1E18CB0B00E1056C /* Frameworks */ = {
			isa = PBXFrameworksBuildPhase;
			buildActionMask = 2147483647;
			files = (
				2955709E1E18CB0B00E1056C /* liblua.a in Frameworks */,
			);
			runOnlyForDeploymentPostprocessing = 0;
		};
		29894DF81DB261C200131A99 /* Frameworks */ = {
			isa = PBXFrameworksBuildPhase;
			buildActionMask = 2147483647;
			files = (
				29894E071DB266C200131A99 /* liblua.a in Frameworks */,
			);
			runOnlyForDeploymentPostprocessing = 0;
		};
		29E31C5F1DBBAEDF00E6190B /* Frameworks */ = {
			isa = PBXFrameworksBuildPhase;
			buildActionMask = 2147483647;
			files = (
				29E31C601DBBAEDF00E6190B /* liblua.a in Frameworks */,
			);
			runOnlyForDeploymentPostprocessing = 0;
		};
/* End PBXFrameworksBuildPhase section */

/* Begin PBXGroup section */
		2955708C1E18A4B700E1056C /* Lesson3 */ = {
			isa = PBXGroup;
			children = (
				295570891E18A4A300E1056C /* Lesson3.cpp */,
				2955708D1E18A4F800E1056C /* lesson3.lua */,
			);
			name = Lesson3;
			sourceTree = "<group>";
		};
		295570A71E18CB4300E1056C /* Lesson4 */ = {
			isa = PBXGroup;
			children = (
				295570A51E18CB3D00E1056C /* Lesson4.cpp */,
				295570A81E18CB8000E1056C /* lesson4.lua */,
			);
			name = Lesson4;
			sourceTree = "<group>";
		};
		29894DF21DB261C200131A99 = {
			isa = PBXGroup;
			children = (
				29894DFD1DB261C200131A99 /* LuaBindingDemo */,
				29894DFC1DB261C200131A99 /* Products */,
			);
			sourceTree = "<group>";
		};
		29894DFC1DB261C200131A99 /* Products */ = {
			isa = PBXGroup;
			children = (
				29894DFB1DB261C200131A99 /* Lesson1 */,
				29E31C661DBBAEDF00E6190B /* Lesson2 */,
				295570881E18A46C00E1056C /* Lesson3 */,
				295570A41E18CB0B00E1056C /* Lesson4 */,
			);
			name = Products;
			sourceTree = "<group>";
		};
		29894DFD1DB261C200131A99 /* LuaBindingDemo */ = {
			isa = PBXGroup;
			children = (
				295570A71E18CB4300E1056C /* Lesson4 */,
				2955708C1E18A4B700E1056C /* Lesson3 */,
				29894E0D1DB26AEA00131A99 /* Lesson2 */,
				29894E061DB266C200131A99 /* liblua.a */,
				29894E081DB267A000131A99 /* Lesson1 */,
			);
			path = LuaBindingDemo;
			sourceTree = "<group>";
		};
		29894E081DB267A000131A99 /* Lesson1 */ = {
			isa = PBXGroup;
			children = (
				29894E0A1DB267F600131A99 /* lesson1.cpp */,
				29894E091DB267DE00131A99 /* hello.lua */,
			);
			name = Lesson1;
			sourceTree = "<group>";
		};
		29894E0D1DB26AEA00131A99 /* Lesson2 */ = {
			isa = PBXGroup;
			children = (
				29894E0E1DB26B4A00131A99 /* lesson2.cpp */,
				2955707C1E189F4500E1056C /* lesson2.lua */,
			);
			name = Lesson2;
			sourceTree = "<group>";
		};
/* End PBXGroup section */

/* Begin PBXNativeTarget section */
		2955707E1E18A46C00E1056C /* Lesson3 */ = {
			isa = PBXNativeTarget;
			buildConfigurationList = 295570851E18A46C00E1056C /* Build configuration list for PBXNativeTarget "Lesson3" */;
			buildPhases = (
				2955707F1E18A46C00E1056C /* Sources */,
				295570811E18A46C00E1056C /* Frameworks */,
				295570831E18A46C00E1056C /* CopyFiles */,
			);
			buildRules = (
			);
			dependencies = (
			);
			name = Lesson3;
			productName = LuaBindingDemo;
			productReference = 295570881E18A46C00E1056C /* Lesson3 */;
			productType = "com.apple.product-type.tool";
		};
		2955709A1E18CB0B00E1056C /* Lesson4 */ = {
			isa = PBXNativeTarget;
			buildConfigurationList = 295570A11E18CB0B00E1056C /* Build configuration list for PBXNativeTarget "Lesson4" */;
			buildPhases = (
				2955709B1E18CB0B00E1056C /* Sources */,
				2955709D1E18CB0B00E1056C /* Frameworks */,
				2955709F1E18CB0B00E1056C /* CopyFiles */,
			);
			buildRules = (
			);
			dependencies = (
			);
			name = Lesson4;
			productName = LuaBindingDemo;
			productReference = 295570A41E18CB0B00E1056C /* Lesson4 */;
			productType = "com.apple.product-type.tool";
		};
		29894DFA1DB261C200131A99 /* Lesson1 */ = {
			isa = PBXNativeTarget;
			buildConfigurationList = 29894E021DB261C200131A99 /* Build configuration list for PBXNativeTarget "Lesson1" */;
			buildPhases = (
				29894DF71DB261C200131A99 /* Sources */,
				29894DF81DB261C200131A99 /* Frameworks */,
				29894DF91DB261C200131A99 /* CopyFiles */,
			);
			buildRules = (
			);
			dependencies = (
			);
			name = Lesson1;
			productName = LuaBindingDemo;
			productReference = 29894DFB1DB261C200131A99 /* Lesson1 */;
			productType = "com.apple.product-type.tool";
		};
		29E31C5B1DBBAEDF00E6190B /* Lesson2 */ = {
			isa = PBXNativeTarget;
			buildConfigurationList = 29E31C631DBBAEDF00E6190B /* Build configuration list for PBXNativeTarget "Lesson2" */;
			buildPhases = (
				29E31C5C1DBBAEDF00E6190B /* Sources */,
				29E31C5F1DBBAEDF00E6190B /* Frameworks */,
				29E31C611DBBAEDF00E6190B /* CopyFiles */,
			);
			buildRules = (
			);
			dependencies = (
			);
			name = Lesson2;
			productName = LuaBindingDemo;
			productReference = 29E31C661DBBAEDF00E6190B /* Lesson2 */;
			productType = "com.apple.product-type.tool";
		};
/* End PBXNativeTarget section */

/* Begin PBXProject section */
		29894DF31DB261C200131A99 /* Project object */ = {
			isa = PBXProject;
			attributes = {
				LastUpgradeCheck = 0730;
				ORGANIZATIONNAME = guanghui;
				TargetAttributes = {
					29894DFA1DB261C200131A99 = {
						CreatedOnToolsVersion = 7.3;
					};
				};
			};
			buildConfigurationList = 29894DF61DB261C200131A99 /* Build configuration list for PBXProject "LuaBindingDemo" */;
			compatibilityVersion = "Xcode 3.2";
			developmentRegion = English;
			hasScannedForEncodings = 0;
			knownRegions = (
				en,
			);
			mainGroup = 29894DF21DB261C200131A99;
			productRefGroup = 29894DFC1DB261C200131A99 /* Products */;
			projectDirPath = "";
			projectRoot = "";
			targets = (
				29894DFA1DB261C200131A99 /* Lesson1 */,
				29E31C5B1DBBAEDF00E6190B /* Lesson2 */,
				2955707E1E18A46C00E1056C /* Lesson3 */,
				2955709A1E18CB0B00E1056C /* Lesson4 */,
			);
		};
/* End PBXProject section */

/* Begin PBXSourcesBuildPhase section */
		2955707F1E18A46C00E1056C /* Sources */ = {
			isa = PBXSourcesBuildPhase;
			buildActionMask = 2147483647;
			files = (
				2955708B1E18A4A300E1056C /* Lesson3.cpp in Sources */,
			);
			runOnlyForDeploymentPostprocessing = 0;
		};
		2955709B1E18CB0B00E1056C /* Sources */ = {
			isa = PBXSourcesBuildPhase;
			buildActionMask = 2147483647;
			files = (
				295570A61E18CB3D00E1056C /* Lesson4.cpp in Sources */,
			);
			runOnlyForDeploymentPostprocessing = 0;
		};
		29894DF71DB261C200131A99 /* Sources */ = {
			isa = PBXSourcesBuildPhase;
			buildActionMask = 2147483647;
			files = (
				29894E101DB26B4A00131A99 /* lesson2.cpp in Sources */,
				29894E0B1DB267F600131A99 /* lesson1.cpp in Sources */,
			);
			runOnlyForDeploymentPostprocessing = 0;
		};
		29E31C5C1DBBAEDF00E6190B /* Sources */ = {
			isa = PBXSourcesBuildPhase;
			buildActionMask = 2147483647;
			files = (
				29E31C5D1DBBAEDF00E6190B /* lesson2.cpp in Sources */,
			);
			runOnlyForDeploymentPostprocessing = 0;
		};
/* End PBXSourcesBuildPhase section */

/* Begin XCBuildConfiguration section */
		295570861E18A46C00E1056C /* Debug */ = {
			isa = XCBuildConfiguration;
			buildSettings = {
				LIBRARY_SEARCH_PATHS = (
					"$(SRCROOT)/lua-5.3.3/src",
					"$(PROJECT_DIR)/lua-5.3.3/src",
				);
				PRODUCT_NAME = "$(TARGET_NAME)";
				USER_HEADER_SEARCH_PATHS = "$(SRCROOT)/lua-5.3.3/src";
			};
			name = Debug;
		};
		295570871E18A46C00E1056C /* Release */ = {
			isa = XCBuildConfiguration;
			buildSettings = {
				LIBRARY_SEARCH_PATHS = (
					"$(SRCROOT)/lua-5.3.3/src",
					"$(PROJECT_DIR)/lua-5.3.3/src",
				);
				PRODUCT_NAME = "$(TARGET_NAME)";
				USER_HEADER_SEARCH_PATHS = "$(SRCROOT)/lua-5.3.3/src";
			};
			name = Release;
		};
		295570A21E18CB0B00E1056C /* Debug */ = {
			isa = XCBuildConfiguration;
			buildSettings = {
				LIBRARY_SEARCH_PATHS = (
					"$(SRCROOT)/lua-5.3.3/src",
					"$(PROJECT_DIR)/lua-5.3.3/src",
				);
				PRODUCT_NAME = "$(TARGET_NAME)";
				USER_HEADER_SEARCH_PATHS = "$(SRCROOT)/lua-5.3.3/src";
			};
			name = Debug;
		};
		295570A31E18CB0B00E1056C /* Release */ = {
			isa = XCBuildConfiguration;
			buildSettings = {
				LIBRARY_SEARCH_PATHS = (
					"$(SRCROOT)/lua-5.3.3/src",
					"$(PROJECT_DIR)/lua-5.3.3/src",
				);
				PRODUCT_NAME = "$(TARGET_NAME)";
				USER_HEADER_SEARCH_PATHS = "$(SRCROOT)/lua-5.3.3/src";
			};
			name = Release;
		};
		29894E001DB261C200131A99 /* Debug */ = {
			isa = XCBuildConfiguration;
			buildSettings = {
				ALWAYS_SEARCH_USER_PATHS = NO;
				CLANG_ANALYZER_NONNULL = YES;
				CLANG_CXX_LANGUAGE_STANDARD = "gnu++0x";
				CLANG_CXX_LIBRARY = "libc++";
				CLANG_ENABLE_MODULES = YES;
				CLANG_ENABLE_OBJC_ARC = YES;
				CLANG_WARN_BOOL_CONVERSION = YES;
				CLANG_WARN_CONSTANT_CONVERSION = YES;
				CLANG_WARN_DIRECT_OBJC_ISA_USAGE = YES_ERROR;
				CLANG_WARN_EMPTY_BODY = YES;
				CLANG_WARN_ENUM_CONVERSION = YES;
				CLANG_WARN_INT_CONVERSION = YES;
				CLANG_WARN_OBJC_ROOT_CLASS = YES_ERROR;
				CLANG_WARN_UNREACHABLE_CODE = YES;
				CLANG_WARN__DUPLICATE_METHOD_MATCH = YES;
				CODE_SIGN_IDENTITY = "-";
				COPY_PHASE_STRIP = NO;
				DEBUG_INFORMATION_FORMAT = dwarf;
				ENABLE_STRICT_OBJC_MSGSEND = YES;
				ENABLE_TESTABILITY = YES;
				GCC_C_LANGUAGE_STANDARD = gnu99;
				GCC_DYNAMIC_NO_PIC = NO;
				GCC_NO_COMMON_BLOCKS = YES;
				GCC_OPTIMIZATION_LEVEL = 0;
				GCC_PREPROCESSOR_DEFINITIONS = (
					"DEBUG=1",
					"$(inherited)",
				);
				GCC_WARN_64_TO_32_BIT_CONVERSION = YES;
				GCC_WARN_ABOUT_RETURN_TYPE = YES_ERROR;
				GCC_WARN_UNDECLARED_SELECTOR = YES;
				GCC_WARN_UNINITIALIZED_AUTOS = YES_AGGRESSIVE;
				GCC_WARN_UNUSED_FUNCTION = YES;
				GCC_WARN_UNUSED_VARIABLE = YES;
				MACOSX_DEPLOYMENT_TARGET = 10.11;
				MTL_ENABLE_DEBUG_INFO = YES;
				ONLY_ACTIVE_ARCH = YES;
				SDKROOT = macosx;
			};
			name = Debug;
		};
		29894E011DB261C200131A99 /* Release */ = {
			isa = XCBuildConfiguration;
			buildSettings = {
				ALWAYS_SEARCH_USER_PATHS = NO;
				CLANG_ANALYZER_NONNULL = YES;
				CLANG_CXX_LANGUAGE_STANDARD = "gnu++0x";
				CLANG_CXX_LIBRARY = "libc++";
				CLANG_ENABLE_MODULES = YES;
				CLANG_ENABLE_OBJC_ARC = YES;
				CLANG_WARN_BOOL_CONVERSION = YES;
				CLANG_WARN_CONSTANT_CONVERSION = YES;
				CLANG_WARN_DIRECT_OBJC_ISA_USAGE = YES_ERROR;
				CLANG_WARN_EMPTY_BODY = YES;
				CLANG_WARN_ENUM_CONVERSION = YES;
				CLANG_WARN_INT_CONVERSION = YES;
				CLANG_WARN_OBJC_ROOT_CLASS = YES_ERROR;
				CLANG_WARN_UNREACHABLE_CODE = YES;
				CLANG_WARN__DUPLICATE_METHOD_MATCH = YES;
				CODE_SIGN_IDENTITY = "-";
				COPY_PHASE_STRIP = NO;
				DEBUG_INFORMATION_FORMAT = "dwarf-with-dsym";
				ENABLE_NS_ASSERTIONS = NO;
				ENABLE_STRICT_OBJC_MSGSEND = YES;
				GCC_C_LANGUAGE_STANDARD = gnu99;
				GCC_NO_COMMON_BLOCKS = YES;
				GCC_WARN_64_TO_32_BIT_CONVERSION = YES;
				GCC_WARN_ABOUT_RETURN_TYPE = YES_ERROR;
				GCC_WARN_UNDECLARED_SELECTOR = YES;
				GCC_WARN_UNINITIALIZED_AUTOS = YES_AGGRESSIVE;
				GCC_WARN_UNUSED_FUNCTION = YES;
				GCC_WARN_UNUSED_VARIABLE = YES;
				MACOSX_DEPLOYMENT_TARGET = 10.11;
				MTL_ENABLE_DEBUG_INFO = NO;
				SDKROOT = macosx;
			};
			name = Release;
		};
		29894E031DB261C200131A99 /* Debug */ = {
			isa = XCBuildConfiguration;
			buildSettings = {
				LIBRARY_SEARCH_PATHS = (
					"$(SRCROOT)/lua-5.3.3/src",
					"$(PROJECT_DIR)/lua-5.3.3/src",
				);
				PRODUCT_NAME = "$(TARGET_NAME)";
				USER_HEADER_SEARCH_PATHS = "$(SRCROOT)/lua-5.3.3/src";
			};
			name = Debug;
		};
		29894E041DB261C200131A99 /* Release */ = {
			isa = XCBuildConfiguration;
			buildSettings = {
				LIBRARY_SEARCH_PATHS = (
					"$(SRCROOT)/lua-5.3.3/src",
					"$(PROJECT_DIR)/lua-5.3.3/src",
				);
				PRODUCT_NAME = "$(TARGET_NAME)";
				USER_HEADER_SEARCH_PATHS = "$(SRCROOT)/lua-5.3.3/src";
			};
			name = Release;
		};
		29E31C641DBBAEDF00E6190B /* Debug */ = {
			isa = XCBuildConfiguration;
			buildSettings = {
				LIBRARY_SEARCH_PATHS = (
					"$(SRCROOT)/lua-5.3.3/src",
					"$(PROJECT_DIR)/lua-5.3.3/src",
				);
				PRODUCT_NAME = "$(TARGET_NAME)";
				USER_HEADER_SEARCH_PATHS = "$(SRCROOT)/lua-5.3.3/src";
			};
			name = Debug;
		};
		29E31C651DBBAEDF00E6190B /* Release */ = {
			isa = XCBuildConfiguration;
			buildSettings = {
				LIBRARY_SEARCH_PATHS = (
					"$(SRCROOT)/lua-5.3.3/src",
					"$(PROJECT_DIR)/lua-5.3.3/src",
				);
				PRODUCT_NAME = "$(TARGET_NAME)";
				USER_HEADER_SEARCH_PATHS = "$(SRCROOT)/lua-5.3.3/src";
			};
			name = Release;
		};
/* End XCBuildConfiguration section */

/* Begin XCConfigurationList section */
		295570851E18A46C00E1056C /* Build configuration list for PBXNativeTarget "Lesson3" */ = {
			isa = XCConfigurationList;
			buildConfigurations = (
				295570861E18A46C00E1056C /* Debug */,
				295570871E18A46C00E1056C /* Release */,
			);
			defaultConfigurationIsVisible = 0;
			defaultConfigurationName = Release;
		};
		295570A11E18CB0B00E1056C /* Build configuration list for PBXNativeTarget "Lesson4" */ = {
			isa = XCConfigurationList;
			buildConfigurations = (
				295570A21E18CB0B00E1056C /* Debug */,
				295570A31E18CB0B00E1056C /* Release */,
			);
			defaultConfigurationIsVisible = 0;
			defaultConfigurationName = Release;
		};
		29894DF61DB261C200131A99 /* Build configuration list for PBXProject "LuaBindingDemo" */ = {
			isa = XCConfigurationList;
			buildConfigurations = (
				29894E001DB261C200131A99 /* Debug */,
				29894E011DB261C200131A99 /* Release */,
			);
			defaultConfigurationIsVisible = 0;
			defaultConfigurationName = Release;
		};
		29894E021DB261C200131A99 /* Build configuration list for PBXNativeTarget "Lesson1" */ = {
			isa = XCConfigurationList;
			buildConfigurations = (
				29894E031DB261C200131A99 /* Debug */,
				29894E041DB261C200131A99 /* Release */,
			);
			defaultConfigurationIsVisible = 0;
			defaultConfigurationName = Release;
		};
		29E31C631DBBAEDF00E6190B /* Build configuration list for PBXNativeTarget "Lesson2" */ = {
			isa = XCConfigurationList;
			buildConfigurations = (
				29E31C641DBBAEDF00E6190B /* Debug */,
				29E31C651DBBAEDF00E6190B /* Release */,
			);
			defaultConfigurationIsVisible = 0;
			defaultConfigurationName = Release;
		};
/* End XCConfigurationList section */
	};
	rootObject = 29894DF31DB261C200131A99 /* Project object */;
}
